{
  "name": "renderer",
  "version": "1.0.0",
  "lockfileVersion": 3,
  "requires": true,
  "packages": {
    "": {
      "name": "renderer",
      "version": "1.0.0",
      "license": "ISC",
      "dependencies": {
        "webgpu-utils": "^1.3.0",
        "wgpu-matrix": "^2.5.1"
      }
    },
    "node_modules/webgpu-utils": {
      "version": "1.3.0",
      "resolved": "https://registry.npmjs.org/webgpu-utils/-/webgpu-utils-1.3.0.tgz",
      "integrity": "sha512-v8Kx6uwZ3BLkdiMnaO13zstwFCmEhLhadJsX0sMpWaiW8/Gu+R4AxkV7l1EEt8whM7lJeET1YeP5rIZaJ/sZoA=="
    },
    "node_modules/wgpu-matrix": {
      "version": "2.5.1",
      "resolved": "https://registry.npmjs.org/wgpu-matrix/-/wgpu-matrix-2.5.1.tgz",
      "integrity": "sha512-fEKK2Hm3JW0KEko2CdrKEg4d81KBKU8UXGhX0kb//3s0A1MrXFG37jzCbvuRdx0XtBs0923oFvSjevwNI5G4Eg=="
    }
  }
}
